
Microsoft Visual Studio Solution File, Format Version 12.00
# Visual Studio Version 16
VisualStudioVersion = 16.0.31613.86
MinimumVisualStudioVersion = 10.0.40219.1
Project("{FAE04EC0-301F-11D3-BF4B-00C04F79EFBC}") = "ejercicio1", "ejercicio1\ejercicio1.csproj", "{DE035873-74BD-432C-A16D-77292742AFE1}"
EndProject
Project("{9A19103F-16F7-4668-BE54-9A1E7A4F7556}") = "ejercicio2", "ejercicio2\ejercicio2.csproj", "{021EF165-3659-474C-A97D-AE3DD15A622A}"
EndProject
Global
	GlobalSection(SolutionConfigurationPlatforms) = preSolution
		Debug|Any CPU = Debug|Any CPU
		Release|Any CPU = Release|Any CPU
	EndGlobalSection
	GlobalSection(ProjectConfigurationPlatforms) = postSolution
		{DE035873-74BD-432C-A16D-77292742AFE1}.Debug|Any CPU.ActiveCfg = Debug|Any CPU
		{DE035873-74BD-432C-A16D-77292742AFE1}.Debug|Any CPU.Build.0 = Debug|Any CPU
		{DE035873-74BD-432C-A16D-77292742AFE1}.Release|Any CPU.ActiveCfg = Release|Any CPU
		{DE035873-74BD-432C-A16D-77292742AFE1}.Release|Any CPU.Build.0 = Release|Any CPU
		{021EF165-3659-474C-A97D-AE3DD15A622A}.Debug|Any CPU.ActiveCfg = Debug|Any CPU
		{021EF165-3659-474C-A97D-AE3DD15A622A}.Debug|Any CPU.Build.0 = Debug|Any CPU
		{021EF165-3659-474C-A97D-AE3DD15A622A}.Release|Any CPU.ActiveCfg = Release|Any CPU
		{021EF165-3659-474C-A97D-AE3DD15A622A}.Release|Any CPU.Build.0 = Release|Any CPU
	EndGlobalSection
	GlobalSection(SolutionProperties) = preSolution
		HideSolutionNode = FALSE
	EndGlobalSection
	GlobalSection(ExtensibilityGlobals) = postSolution
		SolutionGuid = {937C9C45-FDD3-4FF2-A1AD-56F9717EFD78}
	EndGlobalSection
EndGlobal
